# Code generated by scarb DO NOT EDIT.
version = 1

[[package]]
name = "openzeppelin"
version = "0.13.0"
source = "git+https://github.com/OpenZeppelin/cairo-contracts.git?tag=v0.13.0#978b4e75209da355667d8954d2450e32bd71fe49"

[[package]]
name = "snforge_std"
version = "0.25.0"
source = "git+https://github.com/foundry-rs/starknet-foundry?tag=v0.25.0#5b366e24821e530fea97f11b211d220e8493fbea"

[[package]]
name = "tbamarketplace"
version = "0.1.0"
dependencies = [
 "openzeppelin",
 "snforge_std",
 "token_bound_accounts",
]

[[package]]
name = "token_bound_accounts"
version = "0.3.0"
source = "git+https://github.com/Starknet-Africa-Edu/TBA?tag=v0.3.0#1f8b5e3c45422fb188ef2cf874b46d02f642973b"
